
Microsoft Visual Studio Solution File, Format Version 12.00
# Visual Studio 15
VisualStudioVersion = 15.0.28307.136
MinimumVisualStudioVersion = 10.0.40219.1
Project("{FAE04EC0-301F-11D3-BF4B-00C04F79EFBC}") = "Задача 4", "Задача 4\Задача 4.csproj", "{8F26B8E1-E7AD-4D38-B7DD-036CCC83CF43}"
EndProject
Project("{FAE04EC0-301F-11D3-BF4B-00C04F79EFBC}") = "задача 5", "задача 5\задача 5.csproj", "{6496F6B8-7909-4A64-B966-F0F672B7EBE9}"
EndProject
Project("{FAE04EC0-301F-11D3-BF4B-00C04F79EFBC}") = "задача 8", "задача 8\задача 8.csproj", "{C726CE83-32C4-4586-B473-0D9C2F3808B1}"
EndProject
Project("{FAE04EC0-301F-11D3-BF4B-00C04F79EFBC}") = "Задача 9", "Задача 9\Задача 9.csproj", "{5EDF96C1-9DB5-430E-8C10-51D3035278EF}"
EndProject
Project("{FAE04EC0-301F-11D3-BF4B-00C04F79EFBC}") = "задача 10", "задача 10\задача 10.csproj", "{24FAC581-F8B4-4CBE-9F5A-83430E491BAD}"
EndProject
Project("{FAE04EC0-301F-11D3-BF4B-00C04F79EFBC}") = "11", "11\11.csproj", "{348B9C62-2A73-45D5-9904-B3C3E8501756}"
EndProject
Project("{FAE04EC0-301F-11D3-BF4B-00C04F79EFBC}") = "задача 12", "задача 12\задача 12.csproj", "{2C91DD3B-D2AA-4F7D-BA76-877BB7A90705}"
EndProject
Project("{FAE04EC0-301F-11D3-BF4B-00C04F79EFBC}") = "задача 13", "задача 13\задача 13.csproj", "{95642715-A33C-4244-BE19-3478048D693F}"
EndProject
Project("{FAE04EC0-301F-11D3-BF4B-00C04F79EFBC}") = "задача 14", "задача 14\задача 14.csproj", "{3E330B0B-63AA-4606-9474-54429ECD2FA8}"
EndProject
Project("{FAE04EC0-301F-11D3-BF4B-00C04F79EFBC}") = "задача 15", "задача 15\задача 15.csproj", "{DC648F93-EB8A-48BF-A287-B5E8A2355AFE}"
EndProject
Project("{FAE04EC0-301F-11D3-BF4B-00C04F79EFBC}") = "задача16", "задача16\задача16.csproj", "{BCAC54C7-6EB5-4AFA-8B21-2B0EA78DB509}"
EndProject
Global
	GlobalSection(SolutionConfigurationPlatforms) = preSolution
		Debug|Any CPU = Debug|Any CPU
		Release|Any CPU = Release|Any CPU
	EndGlobalSection
	GlobalSection(ProjectConfigurationPlatforms) = postSolution
		{8F26B8E1-E7AD-4D38-B7DD-036CCC83CF43}.Debug|Any CPU.ActiveCfg = Debug|Any CPU
		{8F26B8E1-E7AD-4D38-B7DD-036CCC83CF43}.Debug|Any CPU.Build.0 = Debug|Any CPU
		{8F26B8E1-E7AD-4D38-B7DD-036CCC83CF43}.Release|Any CPU.ActiveCfg = Release|Any CPU
		{8F26B8E1-E7AD-4D38-B7DD-036CCC83CF43}.Release|Any CPU.Build.0 = Release|Any CPU
		{6496F6B8-7909-4A64-B966-F0F672B7EBE9}.Debug|Any CPU.ActiveCfg = Debug|Any CPU
		{6496F6B8-7909-4A64-B966-F0F672B7EBE9}.Debug|Any CPU.Build.0 = Debug|Any CPU
		{6496F6B8-7909-4A64-B966-F0F672B7EBE9}.Release|Any CPU.ActiveCfg = Release|Any CPU
		{6496F6B8-7909-4A64-B966-F0F672B7EBE9}.Release|Any CPU.Build.0 = Release|Any CPU
		{C726CE83-32C4-4586-B473-0D9C2F3808B1}.Debug|Any CPU.ActiveCfg = Debug|Any CPU
		{C726CE83-32C4-4586-B473-0D9C2F3808B1}.Debug|Any CPU.Build.0 = Debug|Any CPU
		{C726CE83-32C4-4586-B473-0D9C2F3808B1}.Release|Any CPU.ActiveCfg = Release|Any CPU
		{C726CE83-32C4-4586-B473-0D9C2F3808B1}.Release|Any CPU.Build.0 = Release|Any CPU
		{5EDF96C1-9DB5-430E-8C10-51D3035278EF}.Debug|Any CPU.ActiveCfg = Debug|Any CPU
		{5EDF96C1-9DB5-430E-8C10-51D3035278EF}.Debug|Any CPU.Build.0 = Debug|Any CPU
		{5EDF96C1-9DB5-430E-8C10-51D3035278EF}.Release|Any CPU.ActiveCfg = Release|Any CPU
		{5EDF96C1-9DB5-430E-8C10-51D3035278EF}.Release|Any CPU.Build.0 = Release|Any CPU
		{24FAC581-F8B4-4CBE-9F5A-83430E491BAD}.Debug|Any CPU.ActiveCfg = Debug|Any CPU
		{24FAC581-F8B4-4CBE-9F5A-83430E491BAD}.Debug|Any CPU.Build.0 = Debug|Any CPU
		{24FAC581-F8B4-4CBE-9F5A-83430E491BAD}.Release|Any CPU.ActiveCfg = Release|Any CPU
		{24FAC581-F8B4-4CBE-9F5A-83430E491BAD}.Release|Any CPU.Build.0 = Release|Any CPU
		{348B9C62-2A73-45D5-9904-B3C3E8501756}.Debug|Any CPU.ActiveCfg = Debug|Any CPU
		{348B9C62-2A73-45D5-9904-B3C3E8501756}.Debug|Any CPU.Build.0 = Debug|Any CPU
		{348B9C62-2A73-45D5-9904-B3C3E8501756}.Release|Any CPU.ActiveCfg = Release|Any CPU
		{348B9C62-2A73-45D5-9904-B3C3E8501756}.Release|Any CPU.Build.0 = Release|Any CPU
		{2C91DD3B-D2AA-4F7D-BA76-877BB7A90705}.Debug|Any CPU.ActiveCfg = Debug|Any CPU
		{2C91DD3B-D2AA-4F7D-BA76-877BB7A90705}.Debug|Any CPU.Build.0 = Debug|Any CPU
		{2C91DD3B-D2AA-4F7D-BA76-877BB7A90705}.Release|Any CPU.ActiveCfg = Release|Any CPU
		{2C91DD3B-D2AA-4F7D-BA76-877BB7A90705}.Release|Any CPU.Build.0 = Release|Any CPU
		{95642715-A33C-4244-BE19-3478048D693F}.Debug|Any CPU.ActiveCfg = Debug|Any CPU
		{95642715-A33C-4244-BE19-3478048D693F}.Debug|Any CPU.Build.0 = Debug|Any CPU
		{95642715-A33C-4244-BE19-3478048D693F}.Release|Any CPU.ActiveCfg = Release|Any CPU
		{95642715-A33C-4244-BE19-3478048D693F}.Release|Any CPU.Build.0 = Release|Any CPU
		{3E330B0B-63AA-4606-9474-54429ECD2FA8}.Debug|Any CPU.ActiveCfg = Debug|Any CPU
		{3E330B0B-63AA-4606-9474-54429ECD2FA8}.Debug|Any CPU.Build.0 = Debug|Any CPU
		{3E330B0B-63AA-4606-9474-54429ECD2FA8}.Release|Any CPU.ActiveCfg = Release|Any CPU
		{3E330B0B-63AA-4606-9474-54429ECD2FA8}.Release|Any CPU.Build.0 = Release|Any CPU
		{DC648F93-EB8A-48BF-A287-B5E8A2355AFE}.Debug|Any CPU.ActiveCfg = Debug|Any CPU
		{DC648F93-EB8A-48BF-A287-B5E8A2355AFE}.Debug|Any CPU.Build.0 = Debug|Any CPU
		{DC648F93-EB8A-48BF-A287-B5E8A2355AFE}.Release|Any CPU.ActiveCfg = Release|Any CPU
		{DC648F93-EB8A-48BF-A287-B5E8A2355AFE}.Release|Any CPU.Build.0 = Release|Any CPU
		{BCAC54C7-6EB5-4AFA-8B21-2B0EA78DB509}.Debug|Any CPU.ActiveCfg = Debug|Any CPU
		{BCAC54C7-6EB5-4AFA-8B21-2B0EA78DB509}.Debug|Any CPU.Build.0 = Debug|Any CPU
		{BCAC54C7-6EB5-4AFA-8B21-2B0EA78DB509}.Release|Any CPU.ActiveCfg = Release|Any CPU
		{BCAC54C7-6EB5-4AFA-8B21-2B0EA78DB509}.Release|Any CPU.Build.0 = Release|Any CPU
	EndGlobalSection
	GlobalSection(SolutionProperties) = preSolution
		HideSolutionNode = FALSE
	EndGlobalSection
	GlobalSection(ExtensibilityGlobals) = postSolution
		SolutionGuid = {D2B3A899-B862-4C7C-9EBC-EC5F82E7BD38}
	EndGlobalSection
EndGlobal
