
Microsoft Visual Studio Solution File, Format Version 12.00
# Visual Studio 15
VisualStudioVersion = 15.0.27004.2002
MinimumVisualStudioVersion = 10.0.40219.1
Project("{FAE04EC0-301F-11D3-BF4B-00C04F79EFBC}") = "Задание 1", "Задание 1\Задание 1.csproj", "{892B6681-9AF0-44C2-A345-1FEEA4D43A07}"
EndProject
Project("{FAE04EC0-301F-11D3-BF4B-00C04F79EFBC}") = "Задание 2", "Задание 2\Задание 2.csproj", "{59DDF575-175E-49CF-83F7-FA0DE920A5C8}"
EndProject
Project("{FAE04EC0-301F-11D3-BF4B-00C04F79EFBC}") = "Задание 3", "Задание 3\Задание 3.csproj", "{9FFFC8E6-504F-4D36-9703-1DD1880F72FB}"
EndProject
Project("{FAE04EC0-301F-11D3-BF4B-00C04F79EFBC}") = "Задание 4", "Задание 4\Задание 4.csproj", "{DE0A8445-D2A9-4076-AEAF-0ECB95A55483}"
EndProject
Project("{FAE04EC0-301F-11D3-BF4B-00C04F79EFBC}") = "Задание 6", "Задание 6\Задание 6.csproj", "{8584390E-EE34-453A-BB69-64F60A5CEE4C}"
EndProject
Project("{FAE04EC0-301F-11D3-BF4B-00C04F79EFBC}") = "Задание 7", "Задание 7\Задание 7.csproj", "{461AF22A-02CE-452E-A483-017429E02EA6}"
EndProject
Project("{FAE04EC0-301F-11D3-BF4B-00C04F79EFBC}") = "Задача 5", "Задача 5\Задача 5.csproj", "{5156CD64-ECE7-45FF-9BD5-8E240AEF9B72}"
EndProject
Project("{FAE04EC0-301F-11D3-BF4B-00C04F79EFBC}") = "Задание 8", "Задание 8\Задание 8.csproj", "{B6DF48C3-7BA1-4DFE-B051-1D332BA90A7B}"
EndProject
Project("{FAE04EC0-301F-11D3-BF4B-00C04F79EFBC}") = "Задание 15", "Задание 15\Задание 15.csproj", "{737875C3-BFC1-47CD-A485-D1B4592F4881}"
EndProject
Global
	GlobalSection(SolutionConfigurationPlatforms) = preSolution
		Debug|Any CPU = Debug|Any CPU
		Release|Any CPU = Release|Any CPU
	EndGlobalSection
	GlobalSection(ProjectConfigurationPlatforms) = postSolution
		{892B6681-9AF0-44C2-A345-1FEEA4D43A07}.Debug|Any CPU.ActiveCfg = Debug|Any CPU
		{892B6681-9AF0-44C2-A345-1FEEA4D43A07}.Debug|Any CPU.Build.0 = Debug|Any CPU
		{892B6681-9AF0-44C2-A345-1FEEA4D43A07}.Release|Any CPU.ActiveCfg = Release|Any CPU
		{892B6681-9AF0-44C2-A345-1FEEA4D43A07}.Release|Any CPU.Build.0 = Release|Any CPU
		{59DDF575-175E-49CF-83F7-FA0DE920A5C8}.Debug|Any CPU.ActiveCfg = Debug|Any CPU
		{59DDF575-175E-49CF-83F7-FA0DE920A5C8}.Debug|Any CPU.Build.0 = Debug|Any CPU
		{59DDF575-175E-49CF-83F7-FA0DE920A5C8}.Release|Any CPU.ActiveCfg = Release|Any CPU
		{59DDF575-175E-49CF-83F7-FA0DE920A5C8}.Release|Any CPU.Build.0 = Release|Any CPU
		{9FFFC8E6-504F-4D36-9703-1DD1880F72FB}.Debug|Any CPU.ActiveCfg = Debug|Any CPU
		{9FFFC8E6-504F-4D36-9703-1DD1880F72FB}.Debug|Any CPU.Build.0 = Debug|Any CPU
		{9FFFC8E6-504F-4D36-9703-1DD1880F72FB}.Release|Any CPU.ActiveCfg = Release|Any CPU
		{9FFFC8E6-504F-4D36-9703-1DD1880F72FB}.Release|Any CPU.Build.0 = Release|Any CPU
		{DE0A8445-D2A9-4076-AEAF-0ECB95A55483}.Debug|Any CPU.ActiveCfg = Debug|Any CPU
		{DE0A8445-D2A9-4076-AEAF-0ECB95A55483}.Debug|Any CPU.Build.0 = Debug|Any CPU
		{DE0A8445-D2A9-4076-AEAF-0ECB95A55483}.Release|Any CPU.ActiveCfg = Release|Any CPU
		{DE0A8445-D2A9-4076-AEAF-0ECB95A55483}.Release|Any CPU.Build.0 = Release|Any CPU
		{8584390E-EE34-453A-BB69-64F60A5CEE4C}.Debug|Any CPU.ActiveCfg = Debug|Any CPU
		{8584390E-EE34-453A-BB69-64F60A5CEE4C}.Debug|Any CPU.Build.0 = Debug|Any CPU
		{8584390E-EE34-453A-BB69-64F60A5CEE4C}.Release|Any CPU.ActiveCfg = Release|Any CPU
		{8584390E-EE34-453A-BB69-64F60A5CEE4C}.Release|Any CPU.Build.0 = Release|Any CPU
		{461AF22A-02CE-452E-A483-017429E02EA6}.Debug|Any CPU.ActiveCfg = Debug|Any CPU
		{461AF22A-02CE-452E-A483-017429E02EA6}.Debug|Any CPU.Build.0 = Debug|Any CPU
		{461AF22A-02CE-452E-A483-017429E02EA6}.Release|Any CPU.ActiveCfg = Release|Any CPU
		{461AF22A-02CE-452E-A483-017429E02EA6}.Release|Any CPU.Build.0 = Release|Any CPU
		{5156CD64-ECE7-45FF-9BD5-8E240AEF9B72}.Debug|Any CPU.ActiveCfg = Debug|Any CPU
		{5156CD64-ECE7-45FF-9BD5-8E240AEF9B72}.Debug|Any CPU.Build.0 = Debug|Any CPU
		{5156CD64-ECE7-45FF-9BD5-8E240AEF9B72}.Release|Any CPU.ActiveCfg = Release|Any CPU
		{5156CD64-ECE7-45FF-9BD5-8E240AEF9B72}.Release|Any CPU.Build.0 = Release|Any CPU
		{B6DF48C3-7BA1-4DFE-B051-1D332BA90A7B}.Debug|Any CPU.ActiveCfg = Debug|Any CPU
		{B6DF48C3-7BA1-4DFE-B051-1D332BA90A7B}.Debug|Any CPU.Build.0 = Debug|Any CPU
		{B6DF48C3-7BA1-4DFE-B051-1D332BA90A7B}.Release|Any CPU.ActiveCfg = Release|Any CPU
		{B6DF48C3-7BA1-4DFE-B051-1D332BA90A7B}.Release|Any CPU.Build.0 = Release|Any CPU
		{737875C3-BFC1-47CD-A485-D1B4592F4881}.Debug|Any CPU.ActiveCfg = Debug|Any CPU
		{737875C3-BFC1-47CD-A485-D1B4592F4881}.Debug|Any CPU.Build.0 = Debug|Any CPU
		{737875C3-BFC1-47CD-A485-D1B4592F4881}.Release|Any CPU.ActiveCfg = Release|Any CPU
		{737875C3-BFC1-47CD-A485-D1B4592F4881}.Release|Any CPU.Build.0 = Release|Any CPU
	EndGlobalSection
	GlobalSection(SolutionProperties) = preSolution
		HideSolutionNode = FALSE
	EndGlobalSection
	GlobalSection(ExtensibilityGlobals) = postSolution
		SolutionGuid = {504ECDD5-2617-4D75-804F-6A0D980E27B6}
	EndGlobalSection
EndGlobal
