
Microsoft Visual Studio Solution File, Format Version 12.00
# Visual Studio 15
VisualStudioVersion = 15.0.28010.2016
MinimumVisualStudioVersion = 10.0.40219.1
Project("{FAE04EC0-301F-11D3-BF4B-00C04F79EFBC}") = "Лабораторная работа 6", "Лабораторная работа 5\Лабораторная работа 6.csproj", "{D96080CF-D2B7-4118-8366-3BCFFEF82611}"
EndProject
Project("{FAE04EC0-301F-11D3-BF4B-00C04F79EFBC}") = "Задача 11", "Задача 2\Задача 11.csproj", "{D9EB8B99-785F-4400-AF58-2FCAA077B65B}"
EndProject
Project("{FAE04EC0-301F-11D3-BF4B-00C04F79EFBC}") = "1.3", "1.3\1.3.csproj", "{00921412-9CA3-41D9-BCCF-F12AD6D30704}"
EndProject
Project("{FAE04EC0-301F-11D3-BF4B-00C04F79EFBC}") = "Задача 22", "Задача 22.3\Задача 22.csproj", "{749B39A5-6851-4142-B755-9472581B37B8}"
EndProject
Project("{FAE04EC0-301F-11D3-BF4B-00C04F79EFBC}") = "Задача 4.3", "Задача 4.3\Задача 4.3.csproj", "{48679E0A-2996-4A2F-AC42-9CFB5DE757FC}"
EndProject
Project("{FAE04EC0-301F-11D3-BF4B-00C04F79EFBC}") = "Задача 5.3", "Задача 5.3\Задача 5.3.csproj", "{16645630-5F34-4D06-AAEB-FF9256789628}"
EndProject
Project("{FAE04EC0-301F-11D3-BF4B-00C04F79EFBC}") = "Задача 10.3", "Задача 10.3\Задача 10.3.csproj", "{F1CDAB1F-959D-42FF-8376-933343DAFC84}"
EndProject
Project("{FAE04EC0-301F-11D3-BF4B-00C04F79EFBC}") = "Задача 12", "Задача 12\Задача 12.csproj", "{62BEE0CF-2D2E-4846-B954-7C2CDF6264B9}"
EndProject
Project("{FAE04EC0-301F-11D3-BF4B-00C04F79EFBC}") = "Задача 16", "Задача 16\Задача 16.csproj", "{DC6ABF43-F1A2-481F-8D40-534DA9649F31}"
EndProject
Project("{FAE04EC0-301F-11D3-BF4B-00C04F79EFBC}") = "Задача 17", "Задача 17\Задача 17.csproj", "{2DAEC350-F44A-44A5-A30A-FA56A5524D47}"
EndProject
Project("{FAE04EC0-301F-11D3-BF4B-00C04F79EFBC}") = "Задача 18", "Задача 18\Задача 18.csproj", "{79EF8791-7629-44F0-85A7-7DECD40F8BE9}"
EndProject
Project("{FAE04EC0-301F-11D3-BF4B-00C04F79EFBC}") = "Задача 19", "Задача 19\Задача 19.csproj", "{A772BB22-83F2-4868-B78D-9ECEE98AD57A}"
EndProject
Project("{FAE04EC0-301F-11D3-BF4B-00C04F79EFBC}") = "Задача 20", "Задача 20\Задача 20.csproj", "{B211DC34-BEE9-42EE-ABB1-63C7C14F30CA}"
EndProject
Project("{FAE04EC0-301F-11D3-BF4B-00C04F79EFBC}") = "Задача 21", "Задача 21\Задача 21.csproj", "{9EB211E7-2AC4-4FA8-87B7-5037D5A96D31}"
EndProject
Project("{FAE04EC0-301F-11D3-BF4B-00C04F79EFBC}") = "Задача 23", "Задача 23\Задача 23.csproj", "{DF95046E-5133-4CF5-BFBA-85E6CEA7DF68}"
EndProject
Project("{FAE04EC0-301F-11D3-BF4B-00C04F79EFBC}") = "Задача 24", "Задача 24\Задача 24.csproj", "{1A4977B5-80ED-4B86-AED3-147DFCA339FC}"
EndProject
Project("{FAE04EC0-301F-11D3-BF4B-00C04F79EFBC}") = "Задача 25", "Задача 25\Задача 25.csproj", "{59665F36-F8DD-403E-95B2-E5633441EFE8}"
EndProject
Project("{FAE04EC0-301F-11D3-BF4B-00C04F79EFBC}") = "Задача 26", "Задача 26\Задача 26.csproj", "{A6763B0D-78E5-49A9-8627-DD8A8449B659}"
EndProject
Project("{FAE04EC0-301F-11D3-BF4B-00C04F79EFBC}") = "Задача 27", "Задача 27\Задача 27.csproj", "{6ACFDE0F-E040-4AFB-A1F2-7F7FF4EBD84B}"
EndProject
Project("{FAE04EC0-301F-11D3-BF4B-00C04F79EFBC}") = "Задача 28", "Задача 28\Задача 28.csproj", "{F57D18DC-35C1-485F-B599-9591D0ADECDA}"
EndProject
Project("{FAE04EC0-301F-11D3-BF4B-00C04F79EFBC}") = "Задача 29", "Задача 29\Задача 29.csproj", "{47BCA296-352B-48ED-BA0F-1A0AD02289A2}"
EndProject
Project("{FAE04EC0-301F-11D3-BF4B-00C04F79EFBC}") = "Задача 30", "Задача 30\Задача 30.csproj", "{96C1C302-C79A-48C1-A657-0F4F26803E89}"
EndProject
Project("{FAE04EC0-301F-11D3-BF4B-00C04F79EFBC}") = "задача 32", "задача 31\задача 32.csproj", "{337E5C9B-A3F4-4FE7-AF40-5B4F3913DF59}"
EndProject
Project("{FAE04EC0-301F-11D3-BF4B-00C04F79EFBC}") = "Задача 33", "Задача 33\Задача 33.csproj", "{675DB3EF-5909-4C1F-BC62-602FA3D5B3E4}"
EndProject
Project("{FAE04EC0-301F-11D3-BF4B-00C04F79EFBC}") = "Задача 34", "Задача 34\Задача 34.csproj", "{D69AAFC3-6AD4-410D-9D6C-D1561E2039CE}"
EndProject
Project("{FAE04EC0-301F-11D3-BF4B-00C04F79EFBC}") = "Задача 35", "Задача 35\Задача 35.csproj", "{576E3256-4222-432D-A29C-5D97BCC67CEE}"
EndProject
Project("{FAE04EC0-301F-11D3-BF4B-00C04F79EFBC}") = "Задача 36", "Задача 36\Задача 36.csproj", "{37CBFA84-71BF-4B18-936F-AEADFC1EAC3E}"
EndProject
Project("{FAE04EC0-301F-11D3-BF4B-00C04F79EFBC}") = "задача 37", "задача 37\задача 37.csproj", "{CD6D6579-2B6E-4E8D-85E2-2CE22F9B6C83}"
EndProject
Global
	GlobalSection(SolutionConfigurationPlatforms) = preSolution
		Debug|Any CPU = Debug|Any CPU
		Release|Any CPU = Release|Any CPU
	EndGlobalSection
	GlobalSection(ProjectConfigurationPlatforms) = postSolution
		{D96080CF-D2B7-4118-8366-3BCFFEF82611}.Debug|Any CPU.ActiveCfg = Debug|Any CPU
		{D96080CF-D2B7-4118-8366-3BCFFEF82611}.Debug|Any CPU.Build.0 = Debug|Any CPU
		{D96080CF-D2B7-4118-8366-3BCFFEF82611}.Release|Any CPU.ActiveCfg = Release|Any CPU
		{D96080CF-D2B7-4118-8366-3BCFFEF82611}.Release|Any CPU.Build.0 = Release|Any CPU
		{D9EB8B99-785F-4400-AF58-2FCAA077B65B}.Debug|Any CPU.ActiveCfg = Debug|Any CPU
		{D9EB8B99-785F-4400-AF58-2FCAA077B65B}.Debug|Any CPU.Build.0 = Debug|Any CPU
		{D9EB8B99-785F-4400-AF58-2FCAA077B65B}.Release|Any CPU.ActiveCfg = Release|Any CPU
		{D9EB8B99-785F-4400-AF58-2FCAA077B65B}.Release|Any CPU.Build.0 = Release|Any CPU
		{00921412-9CA3-41D9-BCCF-F12AD6D30704}.Debug|Any CPU.ActiveCfg = Debug|Any CPU
		{00921412-9CA3-41D9-BCCF-F12AD6D30704}.Debug|Any CPU.Build.0 = Debug|Any CPU
		{00921412-9CA3-41D9-BCCF-F12AD6D30704}.Release|Any CPU.ActiveCfg = Release|Any CPU
		{00921412-9CA3-41D9-BCCF-F12AD6D30704}.Release|Any CPU.Build.0 = Release|Any CPU
		{749B39A5-6851-4142-B755-9472581B37B8}.Debug|Any CPU.ActiveCfg = Debug|Any CPU
		{749B39A5-6851-4142-B755-9472581B37B8}.Debug|Any CPU.Build.0 = Debug|Any CPU
		{749B39A5-6851-4142-B755-9472581B37B8}.Release|Any CPU.ActiveCfg = Release|Any CPU
		{749B39A5-6851-4142-B755-9472581B37B8}.Release|Any CPU.Build.0 = Release|Any CPU
		{48679E0A-2996-4A2F-AC42-9CFB5DE757FC}.Debug|Any CPU.ActiveCfg = Debug|Any CPU
		{48679E0A-2996-4A2F-AC42-9CFB5DE757FC}.Debug|Any CPU.Build.0 = Debug|Any CPU
		{48679E0A-2996-4A2F-AC42-9CFB5DE757FC}.Release|Any CPU.ActiveCfg = Release|Any CPU
		{48679E0A-2996-4A2F-AC42-9CFB5DE757FC}.Release|Any CPU.Build.0 = Release|Any CPU
		{16645630-5F34-4D06-AAEB-FF9256789628}.Debug|Any CPU.ActiveCfg = Debug|Any CPU
		{16645630-5F34-4D06-AAEB-FF9256789628}.Debug|Any CPU.Build.0 = Debug|Any CPU
		{16645630-5F34-4D06-AAEB-FF9256789628}.Release|Any CPU.ActiveCfg = Release|Any CPU
		{16645630-5F34-4D06-AAEB-FF9256789628}.Release|Any CPU.Build.0 = Release|Any CPU
		{F1CDAB1F-959D-42FF-8376-933343DAFC84}.Debug|Any CPU.ActiveCfg = Debug|Any CPU
		{F1CDAB1F-959D-42FF-8376-933343DAFC84}.Debug|Any CPU.Build.0 = Debug|Any CPU
		{F1CDAB1F-959D-42FF-8376-933343DAFC84}.Release|Any CPU.ActiveCfg = Release|Any CPU
		{F1CDAB1F-959D-42FF-8376-933343DAFC84}.Release|Any CPU.Build.0 = Release|Any CPU
		{62BEE0CF-2D2E-4846-B954-7C2CDF6264B9}.Debug|Any CPU.ActiveCfg = Debug|Any CPU
		{62BEE0CF-2D2E-4846-B954-7C2CDF6264B9}.Debug|Any CPU.Build.0 = Debug|Any CPU
		{62BEE0CF-2D2E-4846-B954-7C2CDF6264B9}.Release|Any CPU.ActiveCfg = Release|Any CPU
		{62BEE0CF-2D2E-4846-B954-7C2CDF6264B9}.Release|Any CPU.Build.0 = Release|Any CPU
		{DC6ABF43-F1A2-481F-8D40-534DA9649F31}.Debug|Any CPU.ActiveCfg = Debug|Any CPU
		{DC6ABF43-F1A2-481F-8D40-534DA9649F31}.Debug|Any CPU.Build.0 = Debug|Any CPU
		{DC6ABF43-F1A2-481F-8D40-534DA9649F31}.Release|Any CPU.ActiveCfg = Release|Any CPU
		{DC6ABF43-F1A2-481F-8D40-534DA9649F31}.Release|Any CPU.Build.0 = Release|Any CPU
		{2DAEC350-F44A-44A5-A30A-FA56A5524D47}.Debug|Any CPU.ActiveCfg = Debug|Any CPU
		{2DAEC350-F44A-44A5-A30A-FA56A5524D47}.Debug|Any CPU.Build.0 = Debug|Any CPU
		{2DAEC350-F44A-44A5-A30A-FA56A5524D47}.Release|Any CPU.ActiveCfg = Release|Any CPU
		{2DAEC350-F44A-44A5-A30A-FA56A5524D47}.Release|Any CPU.Build.0 = Release|Any CPU
		{79EF8791-7629-44F0-85A7-7DECD40F8BE9}.Debug|Any CPU.ActiveCfg = Debug|Any CPU
		{79EF8791-7629-44F0-85A7-7DECD40F8BE9}.Debug|Any CPU.Build.0 = Debug|Any CPU
		{79EF8791-7629-44F0-85A7-7DECD40F8BE9}.Release|Any CPU.ActiveCfg = Release|Any CPU
		{79EF8791-7629-44F0-85A7-7DECD40F8BE9}.Release|Any CPU.Build.0 = Release|Any CPU
		{A772BB22-83F2-4868-B78D-9ECEE98AD57A}.Debug|Any CPU.ActiveCfg = Debug|Any CPU
		{A772BB22-83F2-4868-B78D-9ECEE98AD57A}.Debug|Any CPU.Build.0 = Debug|Any CPU
		{A772BB22-83F2-4868-B78D-9ECEE98AD57A}.Release|Any CPU.ActiveCfg = Release|Any CPU
		{A772BB22-83F2-4868-B78D-9ECEE98AD57A}.Release|Any CPU.Build.0 = Release|Any CPU
		{B211DC34-BEE9-42EE-ABB1-63C7C14F30CA}.Debug|Any CPU.ActiveCfg = Debug|Any CPU
		{B211DC34-BEE9-42EE-ABB1-63C7C14F30CA}.Debug|Any CPU.Build.0 = Debug|Any CPU
		{B211DC34-BEE9-42EE-ABB1-63C7C14F30CA}.Release|Any CPU.ActiveCfg = Release|Any CPU
		{B211DC34-BEE9-42EE-ABB1-63C7C14F30CA}.Release|Any CPU.Build.0 = Release|Any CPU
		{9EB211E7-2AC4-4FA8-87B7-5037D5A96D31}.Debug|Any CPU.ActiveCfg = Debug|Any CPU
		{9EB211E7-2AC4-4FA8-87B7-5037D5A96D31}.Debug|Any CPU.Build.0 = Debug|Any CPU
		{9EB211E7-2AC4-4FA8-87B7-5037D5A96D31}.Release|Any CPU.ActiveCfg = Release|Any CPU
		{9EB211E7-2AC4-4FA8-87B7-5037D5A96D31}.Release|Any CPU.Build.0 = Release|Any CPU
		{DF95046E-5133-4CF5-BFBA-85E6CEA7DF68}.Debug|Any CPU.ActiveCfg = Debug|Any CPU
		{DF95046E-5133-4CF5-BFBA-85E6CEA7DF68}.Debug|Any CPU.Build.0 = Debug|Any CPU
		{DF95046E-5133-4CF5-BFBA-85E6CEA7DF68}.Release|Any CPU.ActiveCfg = Release|Any CPU
		{DF95046E-5133-4CF5-BFBA-85E6CEA7DF68}.Release|Any CPU.Build.0 = Release|Any CPU
		{1A4977B5-80ED-4B86-AED3-147DFCA339FC}.Debug|Any CPU.ActiveCfg = Debug|Any CPU
		{1A4977B5-80ED-4B86-AED3-147DFCA339FC}.Debug|Any CPU.Build.0 = Debug|Any CPU
		{1A4977B5-80ED-4B86-AED3-147DFCA339FC}.Release|Any CPU.ActiveCfg = Release|Any CPU
		{1A4977B5-80ED-4B86-AED3-147DFCA339FC}.Release|Any CPU.Build.0 = Release|Any CPU
		{59665F36-F8DD-403E-95B2-E5633441EFE8}.Debug|Any CPU.ActiveCfg = Debug|Any CPU
		{59665F36-F8DD-403E-95B2-E5633441EFE8}.Debug|Any CPU.Build.0 = Debug|Any CPU
		{59665F36-F8DD-403E-95B2-E5633441EFE8}.Release|Any CPU.ActiveCfg = Release|Any CPU
		{59665F36-F8DD-403E-95B2-E5633441EFE8}.Release|Any CPU.Build.0 = Release|Any CPU
		{A6763B0D-78E5-49A9-8627-DD8A8449B659}.Debug|Any CPU.ActiveCfg = Debug|Any CPU
		{A6763B0D-78E5-49A9-8627-DD8A8449B659}.Debug|Any CPU.Build.0 = Debug|Any CPU
		{A6763B0D-78E5-49A9-8627-DD8A8449B659}.Release|Any CPU.ActiveCfg = Release|Any CPU
		{A6763B0D-78E5-49A9-8627-DD8A8449B659}.Release|Any CPU.Build.0 = Release|Any CPU
		{6ACFDE0F-E040-4AFB-A1F2-7F7FF4EBD84B}.Debug|Any CPU.ActiveCfg = Debug|Any CPU
		{6ACFDE0F-E040-4AFB-A1F2-7F7FF4EBD84B}.Debug|Any CPU.Build.0 = Debug|Any CPU
		{6ACFDE0F-E040-4AFB-A1F2-7F7FF4EBD84B}.Release|Any CPU.ActiveCfg = Release|Any CPU
		{6ACFDE0F-E040-4AFB-A1F2-7F7FF4EBD84B}.Release|Any CPU.Build.0 = Release|Any CPU
		{F57D18DC-35C1-485F-B599-9591D0ADECDA}.Debug|Any CPU.ActiveCfg = Debug|Any CPU
		{F57D18DC-35C1-485F-B599-9591D0ADECDA}.Debug|Any CPU.Build.0 = Debug|Any CPU
		{F57D18DC-35C1-485F-B599-9591D0ADECDA}.Release|Any CPU.ActiveCfg = Release|Any CPU
		{F57D18DC-35C1-485F-B599-9591D0ADECDA}.Release|Any CPU.Build.0 = Release|Any CPU
		{47BCA296-352B-48ED-BA0F-1A0AD02289A2}.Debug|Any CPU.ActiveCfg = Debug|Any CPU
		{47BCA296-352B-48ED-BA0F-1A0AD02289A2}.Debug|Any CPU.Build.0 = Debug|Any CPU
		{47BCA296-352B-48ED-BA0F-1A0AD02289A2}.Release|Any CPU.ActiveCfg = Release|Any CPU
		{47BCA296-352B-48ED-BA0F-1A0AD02289A2}.Release|Any CPU.Build.0 = Release|Any CPU
		{96C1C302-C79A-48C1-A657-0F4F26803E89}.Debug|Any CPU.ActiveCfg = Debug|Any CPU
		{96C1C302-C79A-48C1-A657-0F4F26803E89}.Debug|Any CPU.Build.0 = Debug|Any CPU
		{96C1C302-C79A-48C1-A657-0F4F26803E89}.Release|Any CPU.ActiveCfg = Release|Any CPU
		{96C1C302-C79A-48C1-A657-0F4F26803E89}.Release|Any CPU.Build.0 = Release|Any CPU
		{337E5C9B-A3F4-4FE7-AF40-5B4F3913DF59}.Debug|Any CPU.ActiveCfg = Debug|Any CPU
		{337E5C9B-A3F4-4FE7-AF40-5B4F3913DF59}.Debug|Any CPU.Build.0 = Debug|Any CPU
		{337E5C9B-A3F4-4FE7-AF40-5B4F3913DF59}.Release|Any CPU.ActiveCfg = Release|Any CPU
		{337E5C9B-A3F4-4FE7-AF40-5B4F3913DF59}.Release|Any CPU.Build.0 = Release|Any CPU
		{675DB3EF-5909-4C1F-BC62-602FA3D5B3E4}.Debug|Any CPU.ActiveCfg = Debug|Any CPU
		{675DB3EF-5909-4C1F-BC62-602FA3D5B3E4}.Debug|Any CPU.Build.0 = Debug|Any CPU
		{675DB3EF-5909-4C1F-BC62-602FA3D5B3E4}.Release|Any CPU.ActiveCfg = Release|Any CPU
		{675DB3EF-5909-4C1F-BC62-602FA3D5B3E4}.Release|Any CPU.Build.0 = Release|Any CPU
		{D69AAFC3-6AD4-410D-9D6C-D1561E2039CE}.Debug|Any CPU.ActiveCfg = Debug|Any CPU
		{D69AAFC3-6AD4-410D-9D6C-D1561E2039CE}.Debug|Any CPU.Build.0 = Debug|Any CPU
		{D69AAFC3-6AD4-410D-9D6C-D1561E2039CE}.Release|Any CPU.ActiveCfg = Release|Any CPU
		{D69AAFC3-6AD4-410D-9D6C-D1561E2039CE}.Release|Any CPU.Build.0 = Release|Any CPU
		{576E3256-4222-432D-A29C-5D97BCC67CEE}.Debug|Any CPU.ActiveCfg = Debug|Any CPU
		{576E3256-4222-432D-A29C-5D97BCC67CEE}.Debug|Any CPU.Build.0 = Debug|Any CPU
		{576E3256-4222-432D-A29C-5D97BCC67CEE}.Release|Any CPU.ActiveCfg = Release|Any CPU
		{576E3256-4222-432D-A29C-5D97BCC67CEE}.Release|Any CPU.Build.0 = Release|Any CPU
		{37CBFA84-71BF-4B18-936F-AEADFC1EAC3E}.Debug|Any CPU.ActiveCfg = Debug|Any CPU
		{37CBFA84-71BF-4B18-936F-AEADFC1EAC3E}.Debug|Any CPU.Build.0 = Debug|Any CPU
		{37CBFA84-71BF-4B18-936F-AEADFC1EAC3E}.Release|Any CPU.ActiveCfg = Release|Any CPU
		{37CBFA84-71BF-4B18-936F-AEADFC1EAC3E}.Release|Any CPU.Build.0 = Release|Any CPU
		{CD6D6579-2B6E-4E8D-85E2-2CE22F9B6C83}.Debug|Any CPU.ActiveCfg = Debug|Any CPU
		{CD6D6579-2B6E-4E8D-85E2-2CE22F9B6C83}.Debug|Any CPU.Build.0 = Debug|Any CPU
		{CD6D6579-2B6E-4E8D-85E2-2CE22F9B6C83}.Release|Any CPU.ActiveCfg = Release|Any CPU
		{CD6D6579-2B6E-4E8D-85E2-2CE22F9B6C83}.Release|Any CPU.Build.0 = Release|Any CPU
	EndGlobalSection
	GlobalSection(SolutionProperties) = preSolution
		HideSolutionNode = FALSE
	EndGlobalSection
	GlobalSection(ExtensibilityGlobals) = postSolution
		SolutionGuid = {23CC0784-95C4-40A9-B3D2-EE85F110FF49}
	EndGlobalSection
EndGlobal
