
Microsoft Visual Studio Solution File, Format Version 12.00
# Visual Studio 15
VisualStudioVersion = 15.0.28010.2016
MinimumVisualStudioVersion = 10.0.40219.1
Project("{FAE04EC0-301F-11D3-BF4B-00C04F79EFBC}") = "задача 1", "Лабораторная работа 7\задача 1.csproj", "{E582B610-C8A4-43FB-80CB-CD027C8AEB56}"
EndProject
Project("{FAE04EC0-301F-11D3-BF4B-00C04F79EFBC}") = "Задача 2", "Задача 1\Задача 2.csproj", "{5DD275B1-2F40-47AB-9F3F-22E7C422D211}"
EndProject
Project("{FAE04EC0-301F-11D3-BF4B-00C04F79EFBC}") = "Задача 4", "Задача 4\Задача 4.csproj", "{941D3EC3-1621-4F25-8081-60BC54311F8D}"
EndProject
Project("{FAE04EC0-301F-11D3-BF4B-00C04F79EFBC}") = "Задача 7", "Задача 7\Задача 7.csproj", "{6597B754-3980-446A-813D-C768CB42522B}"
EndProject
Project("{FAE04EC0-301F-11D3-BF4B-00C04F79EFBC}") = "Задача 8", "Задача 8\Задача 8.csproj", "{7C6DDEAA-5E05-4366-9172-A720750008E1}"
EndProject
Project("{FAE04EC0-301F-11D3-BF4B-00C04F79EFBC}") = "Задача 9", "Задача 9\Задача 9.csproj", "{6CD92F34-CBB9-48A9-B709-80F322163456}"
EndProject
Project("{FAE04EC0-301F-11D3-BF4B-00C04F79EFBC}") = "Задача 10", "Задача 10\Задача 10.csproj", "{EF889DF8-3F04-4863-9CDC-729657D99442}"
EndProject
Project("{FAE04EC0-301F-11D3-BF4B-00C04F79EFBC}") = "Задача 11", "Задача 11\Задача 11.csproj", "{BA8C8682-5585-40E8-B4AB-41A4895C4013}"
EndProject
Project("{FAE04EC0-301F-11D3-BF4B-00C04F79EFBC}") = "Задача 12", "Задача 12\Задача 12.csproj", "{83D6E05E-C1E2-4CA6-B602-04DC8213601B}"
EndProject
Project("{FAE04EC0-301F-11D3-BF4B-00C04F79EFBC}") = "Задача 13", "Задача 13\Задача 13.csproj", "{C4150597-3CDB-4C88-BAF9-347DC18C25F0}"
EndProject
Project("{FAE04EC0-301F-11D3-BF4B-00C04F79EFBC}") = "Задача 14", "Задача 14\Задача 14.csproj", "{A5F102EB-ABD0-4CC3-8919-9A7E02A7B231}"
EndProject
Project("{FAE04EC0-301F-11D3-BF4B-00C04F79EFBC}") = "Задача 17", "Задача 17\Задача 17.csproj", "{7B6771FB-A67C-4EC4-8952-EE699A8C459C}"
EndProject
Project("{FAE04EC0-301F-11D3-BF4B-00C04F79EFBC}") = "Задача 18", "Задача 18\Задача 18.csproj", "{FB9AD7E0-CA82-4255-B0CB-F928FB1924F7}"
EndProject
Project("{FAE04EC0-301F-11D3-BF4B-00C04F79EFBC}") = "Задача 19", "Задача 19\Задача 19.csproj", "{41D0616D-26E2-46F4-B44A-0FFB2E485841}"
EndProject
Project("{FAE04EC0-301F-11D3-BF4B-00C04F79EFBC}") = "Задача 20", "Задача 20\Задача 20.csproj", "{D97E2818-6506-4E8F-A270-8364C56D3109}"
EndProject
Global
	GlobalSection(SolutionConfigurationPlatforms) = preSolution
		Debug|Any CPU = Debug|Any CPU
		Release|Any CPU = Release|Any CPU
	EndGlobalSection
	GlobalSection(ProjectConfigurationPlatforms) = postSolution
		{E582B610-C8A4-43FB-80CB-CD027C8AEB56}.Debug|Any CPU.ActiveCfg = Debug|Any CPU
		{E582B610-C8A4-43FB-80CB-CD027C8AEB56}.Debug|Any CPU.Build.0 = Debug|Any CPU
		{E582B610-C8A4-43FB-80CB-CD027C8AEB56}.Release|Any CPU.ActiveCfg = Release|Any CPU
		{E582B610-C8A4-43FB-80CB-CD027C8AEB56}.Release|Any CPU.Build.0 = Release|Any CPU
		{5DD275B1-2F40-47AB-9F3F-22E7C422D211}.Debug|Any CPU.ActiveCfg = Debug|Any CPU
		{5DD275B1-2F40-47AB-9F3F-22E7C422D211}.Debug|Any CPU.Build.0 = Debug|Any CPU
		{5DD275B1-2F40-47AB-9F3F-22E7C422D211}.Release|Any CPU.ActiveCfg = Release|Any CPU
		{5DD275B1-2F40-47AB-9F3F-22E7C422D211}.Release|Any CPU.Build.0 = Release|Any CPU
		{941D3EC3-1621-4F25-8081-60BC54311F8D}.Debug|Any CPU.ActiveCfg = Debug|Any CPU
		{941D3EC3-1621-4F25-8081-60BC54311F8D}.Debug|Any CPU.Build.0 = Debug|Any CPU
		{941D3EC3-1621-4F25-8081-60BC54311F8D}.Release|Any CPU.ActiveCfg = Release|Any CPU
		{941D3EC3-1621-4F25-8081-60BC54311F8D}.Release|Any CPU.Build.0 = Release|Any CPU
		{6597B754-3980-446A-813D-C768CB42522B}.Debug|Any CPU.ActiveCfg = Debug|Any CPU
		{6597B754-3980-446A-813D-C768CB42522B}.Debug|Any CPU.Build.0 = Debug|Any CPU
		{6597B754-3980-446A-813D-C768CB42522B}.Release|Any CPU.ActiveCfg = Release|Any CPU
		{6597B754-3980-446A-813D-C768CB42522B}.Release|Any CPU.Build.0 = Release|Any CPU
		{7C6DDEAA-5E05-4366-9172-A720750008E1}.Debug|Any CPU.ActiveCfg = Debug|Any CPU
		{7C6DDEAA-5E05-4366-9172-A720750008E1}.Debug|Any CPU.Build.0 = Debug|Any CPU
		{7C6DDEAA-5E05-4366-9172-A720750008E1}.Release|Any CPU.ActiveCfg = Release|Any CPU
		{7C6DDEAA-5E05-4366-9172-A720750008E1}.Release|Any CPU.Build.0 = Release|Any CPU
		{6CD92F34-CBB9-48A9-B709-80F322163456}.Debug|Any CPU.ActiveCfg = Debug|Any CPU
		{6CD92F34-CBB9-48A9-B709-80F322163456}.Debug|Any CPU.Build.0 = Debug|Any CPU
		{6CD92F34-CBB9-48A9-B709-80F322163456}.Release|Any CPU.ActiveCfg = Release|Any CPU
		{6CD92F34-CBB9-48A9-B709-80F322163456}.Release|Any CPU.Build.0 = Release|Any CPU
		{EF889DF8-3F04-4863-9CDC-729657D99442}.Debug|Any CPU.ActiveCfg = Debug|Any CPU
		{EF889DF8-3F04-4863-9CDC-729657D99442}.Debug|Any CPU.Build.0 = Debug|Any CPU
		{EF889DF8-3F04-4863-9CDC-729657D99442}.Release|Any CPU.ActiveCfg = Release|Any CPU
		{EF889DF8-3F04-4863-9CDC-729657D99442}.Release|Any CPU.Build.0 = Release|Any CPU
		{BA8C8682-5585-40E8-B4AB-41A4895C4013}.Debug|Any CPU.ActiveCfg = Debug|Any CPU
		{BA8C8682-5585-40E8-B4AB-41A4895C4013}.Debug|Any CPU.Build.0 = Debug|Any CPU
		{BA8C8682-5585-40E8-B4AB-41A4895C4013}.Release|Any CPU.ActiveCfg = Release|Any CPU
		{BA8C8682-5585-40E8-B4AB-41A4895C4013}.Release|Any CPU.Build.0 = Release|Any CPU
		{83D6E05E-C1E2-4CA6-B602-04DC8213601B}.Debug|Any CPU.ActiveCfg = Debug|Any CPU
		{83D6E05E-C1E2-4CA6-B602-04DC8213601B}.Debug|Any CPU.Build.0 = Debug|Any CPU
		{83D6E05E-C1E2-4CA6-B602-04DC8213601B}.Release|Any CPU.ActiveCfg = Release|Any CPU
		{83D6E05E-C1E2-4CA6-B602-04DC8213601B}.Release|Any CPU.Build.0 = Release|Any CPU
		{C4150597-3CDB-4C88-BAF9-347DC18C25F0}.Debug|Any CPU.ActiveCfg = Debug|Any CPU
		{C4150597-3CDB-4C88-BAF9-347DC18C25F0}.Debug|Any CPU.Build.0 = Debug|Any CPU
		{C4150597-3CDB-4C88-BAF9-347DC18C25F0}.Release|Any CPU.ActiveCfg = Release|Any CPU
		{C4150597-3CDB-4C88-BAF9-347DC18C25F0}.Release|Any CPU.Build.0 = Release|Any CPU
		{A5F102EB-ABD0-4CC3-8919-9A7E02A7B231}.Debug|Any CPU.ActiveCfg = Debug|Any CPU
		{A5F102EB-ABD0-4CC3-8919-9A7E02A7B231}.Debug|Any CPU.Build.0 = Debug|Any CPU
		{A5F102EB-ABD0-4CC3-8919-9A7E02A7B231}.Release|Any CPU.ActiveCfg = Release|Any CPU
		{A5F102EB-ABD0-4CC3-8919-9A7E02A7B231}.Release|Any CPU.Build.0 = Release|Any CPU
		{7B6771FB-A67C-4EC4-8952-EE699A8C459C}.Debug|Any CPU.ActiveCfg = Debug|Any CPU
		{7B6771FB-A67C-4EC4-8952-EE699A8C459C}.Debug|Any CPU.Build.0 = Debug|Any CPU
		{7B6771FB-A67C-4EC4-8952-EE699A8C459C}.Release|Any CPU.ActiveCfg = Release|Any CPU
		{7B6771FB-A67C-4EC4-8952-EE699A8C459C}.Release|Any CPU.Build.0 = Release|Any CPU
		{FB9AD7E0-CA82-4255-B0CB-F928FB1924F7}.Debug|Any CPU.ActiveCfg = Debug|Any CPU
		{FB9AD7E0-CA82-4255-B0CB-F928FB1924F7}.Debug|Any CPU.Build.0 = Debug|Any CPU
		{FB9AD7E0-CA82-4255-B0CB-F928FB1924F7}.Release|Any CPU.ActiveCfg = Release|Any CPU
		{FB9AD7E0-CA82-4255-B0CB-F928FB1924F7}.Release|Any CPU.Build.0 = Release|Any CPU
		{41D0616D-26E2-46F4-B44A-0FFB2E485841}.Debug|Any CPU.ActiveCfg = Debug|Any CPU
		{41D0616D-26E2-46F4-B44A-0FFB2E485841}.Debug|Any CPU.Build.0 = Debug|Any CPU
		{41D0616D-26E2-46F4-B44A-0FFB2E485841}.Release|Any CPU.ActiveCfg = Release|Any CPU
		{41D0616D-26E2-46F4-B44A-0FFB2E485841}.Release|Any CPU.Build.0 = Release|Any CPU
		{D97E2818-6506-4E8F-A270-8364C56D3109}.Debug|Any CPU.ActiveCfg = Debug|Any CPU
		{D97E2818-6506-4E8F-A270-8364C56D3109}.Debug|Any CPU.Build.0 = Debug|Any CPU
		{D97E2818-6506-4E8F-A270-8364C56D3109}.Release|Any CPU.ActiveCfg = Release|Any CPU
		{D97E2818-6506-4E8F-A270-8364C56D3109}.Release|Any CPU.Build.0 = Release|Any CPU
	EndGlobalSection
	GlobalSection(SolutionProperties) = preSolution
		HideSolutionNode = FALSE
	EndGlobalSection
	GlobalSection(ExtensibilityGlobals) = postSolution
		SolutionGuid = {77408164-6D87-4E8F-96BB-22695B2B12E4}
	EndGlobalSection
EndGlobal
